
Microsoft Visual Studio Solution File, Format Version 12.00
# Visual Studio 15
VisualStudioVersion = 15.0.28307.438
MinimumVisualStudioVersion = 10.0.40219.1
Project("{FAE04EC0-301F-11D3-BF4B-00C04F79EFBC}") = "Calculator", "Calculator.csproj", "{BA498335-D3FC-4464-9125-240C27036EE1}"
EndProject
Global
	GlobalSection(SolutionConfigurationPlatforms) = preSolution
		Debug|Any CPU = Debug|Any CPU
		Release|Any CPU = Release|Any CPU
	EndGlobalSection
	GlobalSection(ProjectConfigurationPlatforms) = postSolution
		{BA498335-D3FC-4464-9125-240C27036EE1}.Debug|Any CPU.ActiveCfg = Debug|Any CPU
		{BA498335-D3FC-4464-9125-240C27036EE1}.Debug|Any CPU.Build.0 = Debug|Any CPU
		{BA498335-D3FC-4464-9125-240C27036EE1}.Release|Any CPU.ActiveCfg = Release|Any CPU
		{BA498335-D3FC-4464-9125-240C27036EE1}.Release|Any CPU.Build.0 = Release|Any CPU
	EndGlobalSection
	GlobalSection(SolutionProperties) = preSolution
		HideSolutionNode = FALSE
	EndGlobalSection
	GlobalSection(ExtensibilityGlobals) = postSolution
		SolutionGuid = {5914FBFE-A698-4B0E-AB97-ADC8B9997DA6}
	EndGlobalSection
EndGlobal
